{
  "pins" : [
    {
      "identity" : "refds-core",
      "kind" : "remoteSourceControl",
      "location" : "https://github.com/rafaelesantos/refds-core.git",
      "state" : {
        "branch" : "main",
        "revision" : "84644c33891585459f8ac052f8b59cae52f88704"
      }
    }
  ],
  "version" : 2
}
