{
  "pins" : [
    {
      "identity" : "cedro-authentication",
      "kind" : "remoteSourceControl",
      "location" : "https://github.com/rafaelesantos/cedro-authentication.git",
      "state" : {
        "branch" : "main",
        "revision" : "c708476369d7aefd933bcd0bcfd5896b28de4f0a"
      }
    },
    {
      "identity" : "refds-core",
      "kind" : "remoteSourceControl",
      "location" : "https://github.com/rafaelesantos/refds-core.git",
      "state" : {
        "branch" : "main",
        "revision" : "92adf20dd3f166401b1ef023e63229d9440386e1"
      }
    }
  ],
  "version" : 2
}
